// !$*UTF8*$!
{
	archiveVersion = 1;
	classes = {
	};
	objectVersion = 46;
	objects = {

/* Begin PBXBuildFile section */
		ABB43FD91D7A821500E83E3A /* Reachability.m in Sources */ = {isa = PBXBuildFile; fileRef = ABB43FCF1D7A821500E83E3A /* Reachability.m */; };
		ABD0735F1D7A6F350091F80D /* AppDelegate.swift in Sources */ = {isa = PBXBuildFile; fileRef = ABD0735E1D7A6F350091F80D /* AppDelegate.swift */; };
		ABD073641D7A6F350091F80D /* Main.storyboard in Resources */ = {isa = PBXBuildFile; fileRef = ABD073621D7A6F350091F80D /* Main.storyboard */; };
		ABD073661D7A6F350091F80D /* Assets.xcassets in Resources */ = {isa = PBXBuildFile; fileRef = ABD073651D7A6F350091F80D /* Assets.xcassets */; };
		ABD073691D7A6F350091F80D /* LaunchScreen.storyboard in Resources */ = {isa = PBXBuildFile; fileRef = ABD073671D7A6F350091F80D /* LaunchScreen.storyboard */; };
		ABD073741D7A6F350091F80D /* LoveQTests.swift in Sources */ = {isa = PBXBuildFile; fileRef = ABD073731D7A6F350091F80D /* LoveQTests.swift */; };
		ABD0737F1D7A6F350091F80D /* LoveQUITests.swift in Sources */ = {isa = PBXBuildFile; fileRef = ABD0737E1D7A6F350091F80D /* LoveQUITests.swift */; };
		ABD073B51D7A6F870091F80D /* IQNavigationController.swift in Sources */ = {isa = PBXBuildFile; fileRef = ABD0738F1D7A6F870091F80D /* IQNavigationController.swift */; };
		ABD073B61D7A6F870091F80D /* IQTabBarController.swift in Sources */ = {isa = PBXBuildFile; fileRef = ABD073901D7A6F870091F80D /* IQTabBarController.swift */; };
		ABD073B71D7A6F870091F80D /* IQTabBar.swift in Sources */ = {isa = PBXBuildFile; fileRef = ABD073931D7A6F870091F80D /* IQTabBar.swift */; };
		ABD073B81D7A6F870091F80D /* IQMusieViewController.swift in Sources */ = {isa = PBXBuildFile; fileRef = ABD073971D7A6F870091F80D /* IQMusieViewController.swift */; };
		ABD073B91D7A6F870091F80D /* IQMusieViewController.xib in Resources */ = {isa = PBXBuildFile; fileRef = ABD073981D7A6F870091F80D /* IQMusieViewController.xib */; };
		ABD073BA1D7A6F870091F80D /* AFError.swift in Sources */ = {isa = PBXBuildFile; fileRef = ABD0739E1D7A6F870091F80D /* AFError.swift */; };
		ABD073BB1D7A6F870091F80D /* Alamofire.swift in Sources */ = {isa = PBXBuildFile; fileRef = ABD073A01D7A6F870091F80D /* Alamofire.swift */; };
		ABD073BC1D7A6F870091F80D /* MultipartFormData.swift in Sources */ = {isa = PBXBuildFile; fileRef = ABD073A21D7A6F870091F80D /* MultipartFormData.swift */; };
		ABD073BD1D7A6F870091F80D /* NetworkReachabilityManager.swift in Sources */ = {isa = PBXBuildFile; fileRef = ABD073A31D7A6F870091F80D /* NetworkReachabilityManager.swift */; };
		ABD073BE1D7A6F870091F80D /* Notifications.swift in Sources */ = {isa = PBXBuildFile; fileRef = ABD073A41D7A6F870091F80D /* Notifications.swift */; };
		ABD073BF1D7A6F870091F80D /* ParameterEncoding.swift in Sources */ = {isa = PBXBuildFile; fileRef = ABD073A51D7A6F870091F80D /* ParameterEncoding.swift */; };
		ABD073C01D7A6F870091F80D /* Request.swift in Sources */ = {isa = PBXBuildFile; fileRef = ABD073A61D7A6F870091F80D /* Request.swift */; };
		ABD073C11D7A6F870091F80D /* Response.swift in Sources */ = {isa = PBXBuildFile; fileRef = ABD073A71D7A6F870091F80D /* Response.swift */; };
		ABD073C21D7A6F870091F80D /* ResponseSerialization.swift in Sources */ = {isa = PBXBuildFile; fileRef = ABD073A81D7A6F870091F80D /* ResponseSerialization.swift */; };
		ABD073C31D7A6F870091F80D /* Result.swift in Sources */ = {isa = PBXBuildFile; fileRef = ABD073A91D7A6F870091F80D /* Result.swift */; };
		ABD073C41D7A6F870091F80D /* ServerTrustPolicy.swift in Sources */ = {isa = PBXBuildFile; fileRef = ABD073AA1D7A6F870091F80D /* ServerTrustPolicy.swift */; };
		ABD073C51D7A6F870091F80D /* SessionDelegate.swift in Sources */ = {isa = PBXBuildFile; fileRef = ABD073AB1D7A6F870091F80D /* SessionDelegate.swift */; };
		ABD073C61D7A6F870091F80D /* SessionManager.swift in Sources */ = {isa = PBXBuildFile; fileRef = ABD073AC1D7A6F870091F80D /* SessionManager.swift */; };
		ABD073C71D7A6F870091F80D /* TaskDelegate.swift in Sources */ = {isa = PBXBuildFile; fileRef = ABD073AD1D7A6F870091F80D /* TaskDelegate.swift */; };
		ABD073C81D7A6F870091F80D /* Timeline.swift in Sources */ = {isa = PBXBuildFile; fileRef = ABD073AE1D7A6F870091F80D /* Timeline.swift */; };
		ABD073C91D7A6F870091F80D /* Validation.swift in Sources */ = {isa = PBXBuildFile; fileRef = ABD073AF1D7A6F870091F80D /* Validation.swift */; };
/* End PBXBuildFile section */

/* Begin PBXContainerItemProxy section */
		ABD073701D7A6F350091F80D /* PBXContainerItemProxy */ = {
			isa = PBXContainerItemProxy;
			containerPortal = ABD073531D7A6F350091F80D /* Project object */;
			proxyType = 1;
			remoteGlobalIDString = ABD0735A1D7A6F350091F80D;
			remoteInfo = LoveQ;
		};
		ABD0737B1D7A6F350091F80D /* PBXContainerItemProxy */ = {
			isa = PBXContainerItemProxy;
			containerPortal = ABD073531D7A6F350091F80D /* Project object */;
			proxyType = 1;
			remoteGlobalIDString = ABD0735A1D7A6F350091F80D;
			remoteInfo = LoveQ;
		};
/* End PBXContainerItemProxy section */

/* Begin PBXFileReference section */
		AB9BF87A1D7A76490097C92D /* LoveQ-Bridging-Header.h */ = {isa = PBXFileReference; lastKnownFileType = sourcecode.c.h; name = "LoveQ-Bridging-Header.h"; path = "Classes/Others/LoveQ-Bridging-Header.h"; sourceTree = "<group>"; };
		ABB43FCE1D7A821500E83E3A /* Reachability.h */ = {isa = PBXFileReference; fileEncoding = 4; lastKnownFileType = sourcecode.c.h; path = Reachability.h; sourceTree = "<group>"; };
		ABB43FCF1D7A821500E83E3A /* Reachability.m */ = {isa = PBXFileReference; fileEncoding = 4; lastKnownFileType = sourcecode.c.objc; path = Reachability.m; sourceTree = "<group>"; };
		ABD0735B1D7A6F350091F80D /* LoveQ.app */ = {isa = PBXFileReference; explicitFileType = wrapper.application; includeInIndex = 0; path = LoveQ.app; sourceTree = BUILT_PRODUCTS_DIR; };
		ABD0735E1D7A6F350091F80D /* AppDelegate.swift */ = {isa = PBXFileReference; lastKnownFileType = sourcecode.swift; path = AppDelegate.swift; sourceTree = "<group>"; };
		ABD073631D7A6F350091F80D /* Base */ = {isa = PBXFileReference; lastKnownFileType = file.storyboard; name = Base; path = Base.lproj/Main.storyboard; sourceTree = "<group>"; };
		ABD073651D7A6F350091F80D /* Assets.xcassets */ = {isa = PBXFileReference; lastKnownFileType = folder.assetcatalog; path = Assets.xcassets; sourceTree = "<group>"; };
		ABD073681D7A6F350091F80D /* Base */ = {isa = PBXFileReference; lastKnownFileType = file.storyboard; name = Base; path = Base.lproj/LaunchScreen.storyboard; sourceTree = "<group>"; };
		ABD0736A1D7A6F350091F80D /* Info.plist */ = {isa = PBXFileReference; lastKnownFileType = text.plist.xml; path = Info.plist; sourceTree = "<group>"; };
		ABD0736F1D7A6F350091F80D /* LoveQTests.xctest */ = {isa = PBXFileReference; explicitFileType = wrapper.cfbundle; includeInIndex = 0; path = LoveQTests.xctest; sourceTree = BUILT_PRODUCTS_DIR; };
		ABD073731D7A6F350091F80D /* LoveQTests.swift */ = {isa = PBXFileReference; lastKnownFileType = sourcecode.swift; path = LoveQTests.swift; sourceTree = "<group>"; };
		ABD073751D7A6F350091F80D /* Info.plist */ = {isa = PBXFileReference; lastKnownFileType = text.plist.xml; path = Info.plist; sourceTree = "<group>"; };
		ABD0737A1D7A6F350091F80D /* LoveQUITests.xctest */ = {isa = PBXFileReference; explicitFileType = wrapper.cfbundle; includeInIndex = 0; path = LoveQUITests.xctest; sourceTree = BUILT_PRODUCTS_DIR; };
		ABD0737E1D7A6F350091F80D /* LoveQUITests.swift */ = {isa = PBXFileReference; lastKnownFileType = sourcecode.swift; path = LoveQUITests.swift; sourceTree = "<group>"; };
		ABD073801D7A6F350091F80D /* Info.plist */ = {isa = PBXFileReference; lastKnownFileType = text.plist.xml; path = Info.plist; sourceTree = "<group>"; };
		ABD0738F1D7A6F870091F80D /* IQNavigationController.swift */ = {isa = PBXFileReference; fileEncoding = 4; lastKnownFileType = sourcecode.swift; path = IQNavigationController.swift; sourceTree = "<group>"; };
		ABD073901D7A6F870091F80D /* IQTabBarController.swift */ = {isa = PBXFileReference; fileEncoding = 4; lastKnownFileType = sourcecode.swift; path = IQTabBarController.swift; sourceTree = "<group>"; };
		ABD073931D7A6F870091F80D /* IQTabBar.swift */ = {isa = PBXFileReference; fileEncoding = 4; lastKnownFileType = sourcecode.swift; path = IQTabBar.swift; sourceTree = "<group>"; };
		ABD073971D7A6F870091F80D /* IQMusieViewController.swift */ = {isa = PBXFileReference; fileEncoding = 4; lastKnownFileType = sourcecode.swift; path = IQMusieViewController.swift; sourceTree = "<group>"; };
		ABD073981D7A6F870091F80D /* IQMusieViewController.xib */ = {isa = PBXFileReference; fileEncoding = 4; lastKnownFileType = file.xib; path = IQMusieViewController.xib; sourceTree = "<group>"; };
		ABD0739E1D7A6F870091F80D /* AFError.swift */ = {isa = PBXFileReference; fileEncoding = 4; lastKnownFileType = sourcecode.swift; path = AFError.swift; sourceTree = "<group>"; };
		ABD0739F1D7A6F870091F80D /* Alamofire.h */ = {isa = PBXFileReference; fileEncoding = 4; lastKnownFileType = sourcecode.c.h; path = Alamofire.h; sourceTree = "<group>"; };
		ABD073A01D7A6F870091F80D /* Alamofire.swift */ = {isa = PBXFileReference; fileEncoding = 4; lastKnownFileType = sourcecode.swift; path = Alamofire.swift; sourceTree = "<group>"; };
		ABD073A21D7A6F870091F80D /* MultipartFormData.swift */ = {isa = PBXFileReference; fileEncoding = 4; lastKnownFileType = sourcecode.swift; path = MultipartFormData.swift; sourceTree = "<group>"; };
		ABD073A31D7A6F870091F80D /* NetworkReachabilityManager.swift */ = {isa = PBXFileReference; fileEncoding = 4; lastKnownFileType = sourcecode.swift; path = NetworkReachabilityManager.swift; sourceTree = "<group>"; };
		ABD073A41D7A6F870091F80D /* Notifications.swift */ = {isa = PBXFileReference; fileEncoding = 4; lastKnownFileType = sourcecode.swift; path = Notifications.swift; sourceTree = "<group>"; };
		ABD073A51D7A6F870091F80D /* ParameterEncoding.swift */ = {isa = PBXFileReference; fileEncoding = 4; lastKnownFileType = sourcecode.swift; path = ParameterEncoding.swift; sourceTree = "<group>"; };
		ABD073A61D7A6F870091F80D /* Request.swift */ = {isa = PBXFileReference; fileEncoding = 4; lastKnownFileType = sourcecode.swift; path = Request.swift; sourceTree = "<group>"; };
		ABD073A71D7A6F870091F80D /* Response.swift */ = {isa = PBXFileReference; fileEncoding = 4; lastKnownFileType = sourcecode.swift; path = Response.swift; sourceTree = "<group>"; };
		ABD073A81D7A6F870091F80D /* ResponseSerialization.swift */ = {isa = PBXFileReference; fileEncoding = 4; lastKnownFileType = sourcecode.swift; path = ResponseSerialization.swift; sourceTree = "<group>"; };
		ABD073A91D7A6F870091F80D /* Result.swift */ = {isa = PBXFileReference; fileEncoding = 4; lastKnownFileType = sourcecode.swift; path = Result.swift; sourceTree = "<group>"; };
		ABD073AA1D7A6F870091F80D /* ServerTrustPolicy.swift */ = {isa = PBXFileReference; fileEncoding = 4; lastKnownFileType = sourcecode.swift; path = ServerTrustPolicy.swift; sourceTree = "<group>"; };
		ABD073AB1D7A6F870091F80D /* SessionDelegate.swift */ = {isa = PBXFileReference; fileEncoding = 4; lastKnownFileType = sourcecode.swift; path = SessionDelegate.swift; sourceTree = "<group>"; };
		ABD073AC1D7A6F870091F80D /* SessionManager.swift */ = {isa = PBXFileReference; fileEncoding = 4; lastKnownFileType = sourcecode.swift; path = SessionManager.swift; sourceTree = "<group>"; };
		ABD073AD1D7A6F870091F80D /* TaskDelegate.swift */ = {isa = PBXFileReference; fileEncoding = 4; lastKnownFileType = sourcecode.swift; path = TaskDelegate.swift; sourceTree = "<group>"; };
		ABD073AE1D7A6F870091F80D /* Timeline.swift */ = {isa = PBXFileReference; fileEncoding = 4; lastKnownFileType = sourcecode.swift; path = Timeline.swift; sourceTree = "<group>"; };
		ABD073AF1D7A6F870091F80D /* Validation.swift */ = {isa = PBXFileReference; fileEncoding = 4; lastKnownFileType = sourcecode.swift; path = Validation.swift; sourceTree = "<group>"; };
/* End PBXFileReference section */

/* Begin PBXFrameworksBuildPhase section */
		ABD073581D7A6F350091F80D /* Frameworks */ = {
			isa = PBXFrameworksBuildPhase;
			buildActionMask = 2147483647;
			files = (
			);
			runOnlyForDeploymentPostprocessing = 0;
		};
		ABD0736C1D7A6F350091F80D /* Frameworks */ = {
			isa = PBXFrameworksBuildPhase;
			buildActionMask = 2147483647;
			files = (
			);
			runOnlyForDeploymentPostprocessing = 0;
		};
		ABD073771D7A6F350091F80D /* Frameworks */ = {
			isa = PBXFrameworksBuildPhase;
			buildActionMask = 2147483647;
			files = (
			);
			runOnlyForDeploymentPostprocessing = 0;
		};
/* End PBXFrameworksBuildPhase section */

/* Begin PBXGroup section */
		ABB43FBC1D7A821500E83E3A /* Reachability */ = {
			isa = PBXGroup;
			children = (
				ABB43FCE1D7A821500E83E3A /* Reachability.h */,
				ABB43FCF1D7A821500E83E3A /* Reachability.m */,
			);
			path = Reachability;
			sourceTree = "<group>";
		};
		ABD073521D7A6F350091F80D = {
			isa = PBXGroup;
			children = (
				ABD0735D1D7A6F350091F80D /* LoveQ */,
				ABD073721D7A6F350091F80D /* LoveQTests */,
				ABD0737D1D7A6F350091F80D /* LoveQUITests */,
				ABD0735C1D7A6F350091F80D /* Products */,
			);
			sourceTree = "<group>";
		};
		ABD0735C1D7A6F350091F80D /* Products */ = {
			isa = PBXGroup;
			children = (
				ABD0735B1D7A6F350091F80D /* LoveQ.app */,
				ABD0736F1D7A6F350091F80D /* LoveQTests.xctest */,
				ABD0737A1D7A6F350091F80D /* LoveQUITests.xctest */,
			);
			name = Products;
			sourceTree = "<group>";
		};
		ABD0735D1D7A6F350091F80D /* LoveQ */ = {
			isa = PBXGroup;
			children = (
				ABD0735E1D7A6F350091F80D /* AppDelegate.swift */,
				AB9BF87A1D7A76490097C92D /* LoveQ-Bridging-Header.h */,
				ABD0738C1D7A6F870091F80D /* Classes */,
				ABD073621D7A6F350091F80D /* Main.storyboard */,
				ABD073651D7A6F350091F80D /* Assets.xcassets */,
				ABD073671D7A6F350091F80D /* LaunchScreen.storyboard */,
				ABD0736A1D7A6F350091F80D /* Info.plist */,
			);
			path = LoveQ;
			sourceTree = "<group>";
		};
		ABD073721D7A6F350091F80D /* LoveQTests */ = {
			isa = PBXGroup;
			children = (
				ABD073731D7A6F350091F80D /* LoveQTests.swift */,
				ABD073751D7A6F350091F80D /* Info.plist */,
			);
			path = LoveQTests;
			sourceTree = "<group>";
		};
		ABD0737D1D7A6F350091F80D /* LoveQUITests */ = {
			isa = PBXGroup;
			children = (
				ABD0737E1D7A6F350091F80D /* LoveQUITests.swift */,
				ABD073801D7A6F350091F80D /* Info.plist */,
			);
			path = LoveQUITests;
			sourceTree = "<group>";
		};
		ABD0738C1D7A6F870091F80D /* Classes */ = {
			isa = PBXGroup;
			children = (
				ABD0738D1D7A6F870091F80D /* Main */,
				ABD073951D7A6F870091F80D /* Music */,
				ABD0739C1D7A6F870091F80D /* Others */,
				ABD073B01D7A6F870091F80D /* Programme */,
			);
			path = Classes;
			sourceTree = "<group>";
		};
		ABD0738D1D7A6F870091F80D /* Main */ = {
			isa = PBXGroup;
			children = (
				ABD0738E1D7A6F870091F80D /* Controller */,
				ABD073911D7A6F870091F80D /* Model */,
				ABD073921D7A6F870091F80D /* View */,
				ABD073941D7A6F870091F80D /* ViewModel */,
			);
			path = Main;
			sourceTree = "<group>";
		};
		ABD0738E1D7A6F870091F80D /* Controller */ = {
			isa = PBXGroup;
			children = (
				ABD0738F1D7A6F870091F80D /* IQNavigationController.swift */,
				ABD073901D7A6F870091F80D /* IQTabBarController.swift */,
			);
			path = Controller;
			sourceTree = "<group>";
		};
		ABD073911D7A6F870091F80D /* Model */ = {
			isa = PBXGroup;
			children = (
			);
			path = Model;
			sourceTree = "<group>";
		};
		ABD073921D7A6F870091F80D /* View */ = {
			isa = PBXGroup;
			children = (
				ABD073931D7A6F870091F80D /* IQTabBar.swift */,
			);
			path = View;
			sourceTree = "<group>";
		};
		ABD073941D7A6F870091F80D /* ViewModel */ = {
			isa = PBXGroup;
			children = (
			);
			path = ViewModel;
			sourceTree = "<group>";
		};
		ABD073951D7A6F870091F80D /* Music */ = {
			isa = PBXGroup;
			children = (
				ABD073961D7A6F870091F80D /* Controller */,
				ABD073991D7A6F870091F80D /* Model */,
				ABD0739A1D7A6F870091F80D /* View */,
				ABD0739B1D7A6F870091F80D /* ViewModel */,
			);
			path = Music;
			sourceTree = "<group>";
		};
		ABD073961D7A6F870091F80D /* Controller */ = {
			isa = PBXGroup;
			children = (
				ABD073971D7A6F870091F80D /* IQMusieViewController.swift */,
				ABD073981D7A6F870091F80D /* IQMusieViewController.xib */,
			);
			path = Controller;
			sourceTree = "<group>";
		};
		ABD073991D7A6F870091F80D /* Model */ = {
			isa = PBXGroup;
			children = (
			);
			path = Model;
			sourceTree = "<group>";
		};
		ABD0739A1D7A6F870091F80D /* View */ = {
			isa = PBXGroup;
			children = (
			);
			path = View;
			sourceTree = "<group>";
		};
		ABD0739B1D7A6F870091F80D /* ViewModel */ = {
			isa = PBXGroup;
			children = (
			);
			path = ViewModel;
			sourceTree = "<group>";
		};
		ABD0739C1D7A6F870091F80D /* Others */ = {
			isa = PBXGroup;
			children = (
				ABB43FBC1D7A821500E83E3A /* Reachability */,
				ABD0739D1D7A6F870091F80D /* Source */,
			);
			path = Others;
			sourceTree = "<group>";
		};
		ABD0739D1D7A6F870091F80D /* Source */ = {
			isa = PBXGroup;
			children = (
				ABD0739E1D7A6F870091F80D /* AFError.swift */,
				ABD0739F1D7A6F870091F80D /* Alamofire.h */,
				ABD073A01D7A6F870091F80D /* Alamofire.swift */,
				ABD073A21D7A6F870091F80D /* MultipartFormData.swift */,
				ABD073A31D7A6F870091F80D /* NetworkReachabilityManager.swift */,
				ABD073A41D7A6F870091F80D /* Notifications.swift */,
				ABD073A51D7A6F870091F80D /* ParameterEncoding.swift */,
				ABD073A61D7A6F870091F80D /* Request.swift */,
				ABD073A71D7A6F870091F80D /* Response.swift */,
				ABD073A81D7A6F870091F80D /* ResponseSerialization.swift */,
				ABD073A91D7A6F870091F80D /* Result.swift */,
				ABD073AA1D7A6F870091F80D /* ServerTrustPolicy.swift */,
				ABD073AB1D7A6F870091F80D /* SessionDelegate.swift */,
				ABD073AC1D7A6F870091F80D /* SessionManager.swift */,
				ABD073AD1D7A6F870091F80D /* TaskDelegate.swift */,
				ABD073AE1D7A6F870091F80D /* Timeline.swift */,
				ABD073AF1D7A6F870091F80D /* Validation.swift */,
			);
			path = Source;
			sourceTree = "<group>";
		};
		ABD073B01D7A6F870091F80D /* Programme */ = {
			isa = PBXGroup;
			children = (
				ABD073B11D7A6F870091F80D /* Controller */,
				ABD073B21D7A6F870091F80D /* Model */,
				ABD073B31D7A6F870091F80D /* View */,
				ABD073B41D7A6F870091F80D /* ViewModel */,
			);
			path = Programme;
			sourceTree = "<group>";
		};
		ABD073B11D7A6F870091F80D /* Controller */ = {
			isa = PBXGroup;
			children = (
			);
			path = Controller;
			sourceTree = "<group>";
		};
		ABD073B21D7A6F870091F80D /* Model */ = {
			isa = PBXGroup;
			children = (
			);
			path = Model;
			sourceTree = "<group>";
		};
		ABD073B31D7A6F870091F80D /* View */ = {
			isa = PBXGroup;
			children = (
			);
			path = View;
			sourceTree = "<group>";
		};
		ABD073B41D7A6F870091F80D /* ViewModel */ = {
			isa = PBXGroup;
			children = (
			);
			path = ViewModel;
			sourceTree = "<group>";
		};
/* End PBXGroup section */

/* Begin PBXNativeTarget section */
		ABD0735A1D7A6F350091F80D /* LoveQ */ = {
			isa = PBXNativeTarget;
			buildConfigurationList = ABD073831D7A6F350091F80D /* Build configuration list for PBXNativeTarget "LoveQ" */;
			buildPhases = (
				ABD073571D7A6F350091F80D /* Sources */,
				ABD073581D7A6F350091F80D /* Frameworks */,
				ABD073591D7A6F350091F80D /* Resources */,
			);
			buildRules = (
			);
			dependencies = (
			);
			name = LoveQ;
			productName = LoveQ;
			productReference = ABD0735B1D7A6F350091F80D /* LoveQ.app */;
			productType = "com.apple.product-type.application";
		};
		ABD0736E1D7A6F350091F80D /* LoveQTests */ = {
			isa = PBXNativeTarget;
			buildConfigurationList = ABD073861D7A6F350091F80D /* Build configuration list for PBXNativeTarget "LoveQTests" */;
			buildPhases = (
				ABD0736B1D7A6F350091F80D /* Sources */,
				ABD0736C1D7A6F350091F80D /* Frameworks */,
				ABD0736D1D7A6F350091F80D /* Resources */,
			);
			buildRules = (
			);
			dependencies = (
				ABD073711D7A6F350091F80D /* PBXTargetDependency */,
			);
			name = LoveQTests;
			productName = LoveQTests;
			productReference = ABD0736F1D7A6F350091F80D /* LoveQTests.xctest */;
			productType = "com.apple.product-type.bundle.unit-test";
		};
		ABD073791D7A6F350091F80D /* LoveQUITests */ = {
			isa = PBXNativeTarget;
			buildConfigurationList = ABD073891D7A6F350091F80D /* Build configuration list for PBXNativeTarget "LoveQUITests" */;
			buildPhases = (
				ABD073761D7A6F350091F80D /* Sources */,
				ABD073771D7A6F350091F80D /* Frameworks */,
				ABD073781D7A6F350091F80D /* Resources */,
			);
			buildRules = (
			);
			dependencies = (
				ABD0737C1D7A6F350091F80D /* PBXTargetDependency */,
			);
			name = LoveQUITests;
			productName = LoveQUITests;
			productReference = ABD0737A1D7A6F350091F80D /* LoveQUITests.xctest */;
			productType = "com.apple.product-type.bundle.ui-testing";
		};
/* End PBXNativeTarget section */

/* Begin PBXProject section */
		ABD073531D7A6F350091F80D /* Project object */ = {
			isa = PBXProject;
			attributes = {
				LastSwiftUpdateCheck = 0800;
				LastUpgradeCheck = 0800;
				ORGANIZATIONNAME = czljcb;
				TargetAttributes = {
					ABD0735A1D7A6F350091F80D = {
						CreatedOnToolsVersion = 8.0;
						ProvisioningStyle = Automatic;
					};
					ABD0736E1D7A6F350091F80D = {
						CreatedOnToolsVersion = 8.0;
						ProvisioningStyle = Automatic;
						TestTargetID = ABD0735A1D7A6F350091F80D;
					};
					ABD073791D7A6F350091F80D = {
						CreatedOnToolsVersion = 8.0;
						ProvisioningStyle = Automatic;
						TestTargetID = ABD0735A1D7A6F350091F80D;
					};
				};
			};
			buildConfigurationList = ABD073561D7A6F350091F80D /* Build configuration list for PBXProject "LoveQ" */;
			compatibilityVersion = "Xcode 3.2";
			developmentRegion = English;
			hasScannedForEncodings = 0;
			knownRegions = (
				en,
				Base,
			);
			mainGroup = ABD073521D7A6F350091F80D;
			productRefGroup = ABD0735C1D7A6F350091F80D /* Products */;
			projectDirPath = "";
			projectRoot = "";
			targets = (
				ABD0735A1D7A6F350091F80D /* LoveQ */,
				ABD0736E1D7A6F350091F80D /* LoveQTests */,
				ABD073791D7A6F350091F80D /* LoveQUITests */,
			);
		};
/* End PBXProject section */

/* Begin PBXResourcesBuildPhase section */
		ABD073591D7A6F350091F80D /* Resources */ = {
			isa = PBXResourcesBuildPhase;
			buildActionMask = 2147483647;
			files = (
				ABD073691D7A6F350091F80D /* LaunchScreen.storyboard in Resources */,
				ABD073661D7A6F350091F80D /* Assets.xcassets in Resources */,
				ABD073B91D7A6F870091F80D /* IQMusieViewController.xib in Resources */,
				ABD073641D7A6F350091F80D /* Main.storyboard in Resources */,
			);
			runOnlyForDeploymentPostprocessing = 0;
		};
		ABD0736D1D7A6F350091F80D /* Resources */ = {
			isa = PBXResourcesBuildPhase;
			buildActionMask = 2147483647;
			files = (
			);
			runOnlyForDeploymentPostprocessing = 0;
		};
		ABD073781D7A6F350091F80D /* Resources */ = {
			isa = PBXResourcesBuildPhase;
			buildActionMask = 2147483647;
			files = (
			);
			runOnlyForDeploymentPostprocessing = 0;
		};
/* End PBXResourcesBuildPhase section */

/* Begin PBXSourcesBuildPhase section */
		ABD073571D7A6F350091F80D /* Sources */ = {
			isa = PBXSourcesBuildPhase;
			buildActionMask = 2147483647;
			files = (
				ABD073BE1D7A6F870091F80D /* Notifications.swift in Sources */,
				ABD073C01D7A6F870091F80D /* Request.swift in Sources */,
				ABD073C71D7A6F870091F80D /* TaskDelegate.swift in Sources */,
				ABD073C61D7A6F870091F80D /* SessionManager.swift in Sources */,
				ABB43FD91D7A821500E83E3A /* Reachability.m in Sources */,
				ABD073B81D7A6F870091F80D /* IQMusieViewController.swift in Sources */,
				ABD073BD1D7A6F870091F80D /* NetworkReachabilityManager.swift in Sources */,
				ABD073B61D7A6F870091F80D /* IQTabBarController.swift in Sources */,
				ABD073C21D7A6F870091F80D /* ResponseSerialization.swift in Sources */,
				ABD073C81D7A6F870091F80D /* Timeline.swift in Sources */,
				ABD073C31D7A6F870091F80D /* Result.swift in Sources */,
				ABD073BC1D7A6F870091F80D /* MultipartFormData.swift in Sources */,
				ABD073C11D7A6F870091F80D /* Response.swift in Sources */,
				ABD073BF1D7A6F870091F80D /* ParameterEncoding.swift in Sources */,
				ABD073C91D7A6F870091F80D /* Validation.swift in Sources */,
				ABD0735F1D7A6F350091F80D /* AppDelegate.swift in Sources */,
				ABD073C51D7A6F870091F80D /* SessionDelegate.swift in Sources */,
				ABD073C41D7A6F870091F80D /* ServerTrustPolicy.swift in Sources */,
				ABD073B51D7A6F870091F80D /* IQNavigationController.swift in Sources */,
				ABD073B71D7A6F870091F80D /* IQTabBar.swift in Sources */,
				ABD073BA1D7A6F870091F80D /* AFError.swift in Sources */,
				ABD073BB1D7A6F870091F80D /* Alamofire.swift in Sources */,
			);
			runOnlyForDeploymentPostprocessing = 0;
		};
		ABD0736B1D7A6F350091F80D /* Sources */ = {
			isa = PBXSourcesBuildPhase;
			buildActionMask = 2147483647;
			files = (
				ABD073741D7A6F350091F80D /* LoveQTests.swift in Sources */,
			);
			runOnlyForDeploymentPostprocessing = 0;
		};
		ABD073761D7A6F350091F80D /* Sources */ = {
			isa = PBXSourcesBuildPhase;
			buildActionMask = 2147483647;
			files = (
				ABD0737F1D7A6F350091F80D /* LoveQUITests.swift in Sources */,
			);
			runOnlyForDeploymentPostprocessing = 0;
		};
/* End PBXSourcesBuildPhase section */

/* Begin PBXTargetDependency section */
		ABD073711D7A6F350091F80D /* PBXTargetDependency */ = {
			isa = PBXTargetDependency;
			target = ABD0735A1D7A6F350091F80D /* LoveQ */;
			targetProxy = ABD073701D7A6F350091F80D /* PBXContainerItemProxy */;
		};
		ABD0737C1D7A6F350091F80D /* PBXTargetDependency */ = {
			isa = PBXTargetDependency;
			target = ABD0735A1D7A6F350091F80D /* LoveQ */;
			targetProxy = ABD0737B1D7A6F350091F80D /* PBXContainerItemProxy */;
		};
/* End PBXTargetDependency section */

/* Begin PBXVariantGroup section */
		ABD073621D7A6F350091F80D /* Main.storyboard */ = {
			isa = PBXVariantGroup;
			children = (
				ABD073631D7A6F350091F80D /* Base */,
			);
			name = Main.storyboard;
			sourceTree = "<group>";
		};
		ABD073671D7A6F350091F80D /* LaunchScreen.storyboard */ = {
			isa = PBXVariantGroup;
			children = (
				ABD073681D7A6F350091F80D /* Base */,
			);
			name = LaunchScreen.storyboard;
			sourceTree = "<group>";
		};
/* End PBXVariantGroup section */

/* Begin XCBuildConfiguration section */
		ABD073811D7A6F350091F80D /* Debug */ = {
			isa = XCBuildConfiguration;
			buildSettings = {
				ALWAYS_SEARCH_USER_PATHS = NO;
				CLANG_ANALYZER_NONNULL = YES;
				CLANG_CXX_LANGUAGE_STANDARD = "gnu++0x";
				CLANG_CXX_LIBRARY = "libc++";
				CLANG_ENABLE_MODULES = YES;
				CLANG_ENABLE_OBJC_ARC = YES;
				CLANG_WARN_BOOL_CONVERSION = YES;
				CLANG_WARN_CONSTANT_CONVERSION = YES;
				CLANG_WARN_DIRECT_OBJC_ISA_USAGE = YES_ERROR;
				CLANG_WARN_DOCUMENTATION_COMMENTS = YES;
				CLANG_WARN_EMPTY_BODY = YES;
				CLANG_WARN_ENUM_CONVERSION = YES;
				CLANG_WARN_INFINITE_RECURSION = YES;
				CLANG_WARN_INT_CONVERSION = YES;
				CLANG_WARN_OBJC_ROOT_CLASS = YES_ERROR;
				CLANG_WARN_SUSPICIOUS_MOVES = YES;
				CLANG_WARN_UNREACHABLE_CODE = YES;
				CLANG_WARN__DUPLICATE_METHOD_MATCH = YES;
				"CODE_SIGN_IDENTITY[sdk=iphoneos*]" = "iPhone Developer";
				COPY_PHASE_STRIP = NO;
				DEBUG_INFORMATION_FORMAT = dwarf;
				ENABLE_STRICT_OBJC_MSGSEND = YES;
				ENABLE_TESTABILITY = YES;
				GCC_C_LANGUAGE_STANDARD = gnu99;
				GCC_DYNAMIC_NO_PIC = NO;
				GCC_NO_COMMON_BLOCKS = YES;
				GCC_OPTIMIZATION_LEVEL = 0;
				GCC_PREPROCESSOR_DEFINITIONS = (
					"DEBUG=1",
					"$(inherited)",
				);
				GCC_WARN_64_TO_32_BIT_CONVERSION = YES;
				GCC_WARN_ABOUT_RETURN_TYPE = YES_ERROR;
				GCC_WARN_UNDECLARED_SELECTOR = YES;
				GCC_WARN_UNINITIALIZED_AUTOS = YES_AGGRESSIVE;
				GCC_WARN_UNUSED_FUNCTION = YES;
				GCC_WARN_UNUSED_VARIABLE = YES;
				IPHONEOS_DEPLOYMENT_TARGET = 10.0;
				MTL_ENABLE_DEBUG_INFO = YES;
				ONLY_ACTIVE_ARCH = YES;
				SDKROOT = iphoneos;
				SWIFT_ACTIVE_COMPILATION_CONDITIONS = DEBUG;
				SWIFT_OPTIMIZATION_LEVEL = "-Onone";
			};
			name = Debug;
		};
		ABD073821D7A6F350091F80D /* Release */ = {
			isa = XCBuildConfiguration;
			buildSettings = {
				ALWAYS_SEARCH_USER_PATHS = NO;
				CLANG_ANALYZER_NONNULL = YES;
				CLANG_CXX_LANGUAGE_STANDARD = "gnu++0x";
				CLANG_CXX_LIBRARY = "libc++";
				CLANG_ENABLE_MODULES = YES;
				CLANG_ENABLE_OBJC_ARC = YES;
				CLANG_WARN_BOOL_CONVERSION = YES;
				CLANG_WARN_CONSTANT_CONVERSION = YES;
				CLANG_WARN_DIRECT_OBJC_ISA_USAGE = YES_ERROR;
				CLANG_WARN_DOCUMENTATION_COMMENTS = YES;
				CLANG_WARN_EMPTY_BODY = YES;
				CLANG_WARN_ENUM_CONVERSION = YES;
				CLANG_WARN_INFINITE_RECURSION = YES;
				CLANG_WARN_INT_CONVERSION = YES;
				CLANG_WARN_OBJC_ROOT_CLASS = YES_ERROR;
				CLANG_WARN_SUSPICIOUS_MOVES = YES;
				CLANG_WARN_UNREACHABLE_CODE = YES;
				CLANG_WARN__DUPLICATE_METHOD_MATCH = YES;
				"CODE_SIGN_IDENTITY[sdk=iphoneos*]" = "iPhone Developer";
				COPY_PHASE_STRIP = NO;
				DEBUG_INFORMATION_FORMAT = "dwarf-with-dsym";
				ENABLE_NS_ASSERTIONS = NO;
				ENABLE_STRICT_OBJC_MSGSEND = YES;
				GCC_C_LANGUAGE_STANDARD = gnu99;
				GCC_NO_COMMON_BLOCKS = YES;
				GCC_WARN_64_TO_32_BIT_CONVERSION = YES;
				GCC_WARN_ABOUT_RETURN_TYPE = YES_ERROR;
				GCC_WARN_UNDECLARED_SELECTOR = YES;
				GCC_WARN_UNINITIALIZED_AUTOS = YES_AGGRESSIVE;
				GCC_WARN_UNUSED_FUNCTION = YES;
				GCC_WARN_UNUSED_VARIABLE = YES;
				IPHONEOS_DEPLOYMENT_TARGET = 10.0;
				MTL_ENABLE_DEBUG_INFO = NO;
				SDKROOT = iphoneos;
				SWIFT_OPTIMIZATION_LEVEL = "-Owholemodule";
				VALIDATE_PRODUCT = YES;
			};
			name = Release;
		};
		ABD073841D7A6F350091F80D /* Debug */ = {
			isa = XCBuildConfiguration;
			buildSettings = {
				ASSETCATALOG_COMPILER_APPICON_NAME = AppIcon;
				ASSETCATALOG_COMPILER_LAUNCHIMAGE_NAME = LaunchImage;
				INFOPLIST_FILE = LoveQ/Info.plist;
				IPHONEOS_DEPLOYMENT_TARGET = 10.0;
				LD_RUNPATH_SEARCH_PATHS = "$(inherited) @executable_path/Frameworks";
				PRODUCT_BUNDLE_IDENTIFIER = lQ.LoveQ;
				PRODUCT_NAME = "$(TARGET_NAME)";
				SWIFT_OBJC_BRIDGING_HEADER = "/Users/czljcb/Documents/LoveQ/LoveQ/LoveQ/Classes/Others/LoveQ-Bridging-Header.h";
				SWIFT_VERSION = 3.0;
				TARGETED_DEVICE_FAMILY = 1;
			};
			name = Debug;
		};
		ABD073851D7A6F350091F80D /* Release */ = {
			isa = XCBuildConfiguration;
			buildSettings = {
				ASSETCATALOG_COMPILER_APPICON_NAME = AppIcon;
				ASSETCATALOG_COMPILER_LAUNCHIMAGE_NAME = LaunchImage;
				INFOPLIST_FILE = LoveQ/Info.plist;
				IPHONEOS_DEPLOYMENT_TARGET = 10.0;
				LD_RUNPATH_SEARCH_PATHS = "$(inherited) @executable_path/Frameworks";
				PRODUCT_BUNDLE_IDENTIFIER = lQ.LoveQ;
				PRODUCT_NAME = "$(TARGET_NAME)";
				SWIFT_OBJC_BRIDGING_HEADER = "/Users/czljcb/Documents/LoveQ/LoveQ/LoveQ/Classes/Others/LoveQ-Bridging-Header.h";
				SWIFT_VERSION = 3.0;
				TARGETED_DEVICE_FAMILY = 1;
			};
			name = Release;
		};
		ABD073871D7A6F350091F80D /* Debug */ = {
			isa = XCBuildConfiguration;
			buildSettings = {
				ALWAYS_EMBED_SWIFT_STANDARD_LIBRARIES = YES;
				BUNDLE_LOADER = "$(TEST_HOST)";
				INFOPLIST_FILE = LoveQTests/Info.plist;
				LD_RUNPATH_SEARCH_PATHS = "$(inherited) @executable_path/Frameworks @loader_path/Frameworks";
				PRODUCT_BUNDLE_IDENTIFIER = lQ.LoveQTests;
				PRODUCT_NAME = "$(TARGET_NAME)";
				SWIFT_VERSION = 3.0;
				TEST_HOST = "$(BUILT_PRODUCTS_DIR)/LoveQ.app/LoveQ";
			};
			name = Debug;
		};
		ABD073881D7A6F350091F80D /* Release */ = {
			isa = XCBuildConfiguration;
			buildSettings = {
				ALWAYS_EMBED_SWIFT_STANDARD_LIBRARIES = YES;
				BUNDLE_LOADER = "$(TEST_HOST)";
				INFOPLIST_FILE = LoveQTests/Info.plist;
				LD_RUNPATH_SEARCH_PATHS = "$(inherited) @executable_path/Frameworks @loader_path/Frameworks";
				PRODUCT_BUNDLE_IDENTIFIER = lQ.LoveQTests;
				PRODUCT_NAME = "$(TARGET_NAME)";
				SWIFT_VERSION = 3.0;
				TEST_HOST = "$(BUILT_PRODUCTS_DIR)/LoveQ.app/LoveQ";
			};
			name = Release;
		};
		ABD0738A1D7A6F350091F80D /* Debug */ = {
			isa = XCBuildConfiguration;
			buildSettings = {
				ALWAYS_EMBED_SWIFT_STANDARD_LIBRARIES = YES;
				INFOPLIST_FILE = LoveQUITests/Info.plist;
				LD_RUNPATH_SEARCH_PATHS = "$(inherited) @executable_path/Frameworks @loader_path/Frameworks";
				PRODUCT_BUNDLE_IDENTIFIER = lQ.LoveQUITests;
				PRODUCT_NAME = "$(TARGET_NAME)";
				SWIFT_VERSION = 3.0;
				TEST_TARGET_NAME = LoveQ;
			};
			name = Debug;
		};
		ABD0738B1D7A6F350091F80D /* Release */ = {
			isa = XCBuildConfiguration;
			buildSettings = {
				ALWAYS_EMBED_SWIFT_STANDARD_LIBRARIES = YES;
				INFOPLIST_FILE = LoveQUITests/Info.plist;
				LD_RUNPATH_SEARCH_PATHS = "$(inherited) @executable_path/Frameworks @loader_path/Frameworks";
				PRODUCT_BUNDLE_IDENTIFIER = lQ.LoveQUITests;
				PRODUCT_NAME = "$(TARGET_NAME)";
				SWIFT_VERSION = 3.0;
				TEST_TARGET_NAME = LoveQ;
			};
			name = Release;
		};
/* End XCBuildConfiguration section */

/* Begin XCConfigurationList section */
		ABD073561D7A6F350091F80D /* Build configuration list for PBXProject "LoveQ" */ = {
			isa = XCConfigurationList;
			buildConfigurations = (
				ABD073811D7A6F350091F80D /* Debug */,
				ABD073821D7A6F350091F80D /* Release */,
			);
			defaultConfigurationIsVisible = 0;
			defaultConfigurationName = Release;
		};
		ABD073831D7A6F350091F80D /* Build configuration list for PBXNativeTarget "LoveQ" */ = {
			isa = XCConfigurationList;
			buildConfigurations = (
				ABD073841D7A6F350091F80D /* Debug */,
				ABD073851D7A6F350091F80D /* Release */,
			);
			defaultConfigurationIsVisible = 0;
			defaultConfigurationName = Release;
		};
		ABD073861D7A6F350091F80D /* Build configuration list for PBXNativeTarget "LoveQTests" */ = {
			isa = XCConfigurationList;
			buildConfigurations = (
				ABD073871D7A6F350091F80D /* Debug */,
				ABD073881D7A6F350091F80D /* Release */,
			);
			defaultConfigurationIsVisible = 0;
			defaultConfigurationName = Release;
		};
		ABD073891D7A6F350091F80D /* Build configuration list for PBXNativeTarget "LoveQUITests" */ = {
			isa = XCConfigurationList;
			buildConfigurations = (
				ABD0738A1D7A6F350091F80D /* Debug */,
				ABD0738B1D7A6F350091F80D /* Release */,
			);
			defaultConfigurationIsVisible = 0;
			defaultConfigurationName = Release;
		};
/* End XCConfigurationList section */
	};
	rootObject = ABD073531D7A6F350091F80D /* Project object */;
}
